
Microsoft Visual Studio Solution File, Format Version 12.00
# Visual Studio Version 17
VisualStudioVersion = 17.9.34728.123
MinimumVisualStudioVersion = 10.0.40219.1
Project("{FAE04EC0-301F-11D3-BF4B-00C04F79EFBC}") = "OSK.Utilities.JarRunner", "OSK.Utilities.JarRunner\OSK.Utilities.JarRunner.csproj", "{43D02E95-D6A1-47D8-94B4-D5CBB7240544}"
EndProject
Global
	GlobalSection(SolutionConfigurationPlatforms) = preSolution
		Debug|Any CPU = Debug|Any CPU
		Release|Any CPU = Release|Any CPU
	EndGlobalSection
	GlobalSection(ProjectConfigurationPlatforms) = postSolution
		{43D02E95-D6A1-47D8-94B4-D5CBB7240544}.Debug|Any CPU.ActiveCfg = Debug|Any CPU
		{43D02E95-D6A1-47D8-94B4-D5CBB7240544}.Debug|Any CPU.Build.0 = Debug|Any CPU
		{43D02E95-D6A1-47D8-94B4-D5CBB7240544}.Release|Any CPU.ActiveCfg = Release|Any CPU
		{43D02E95-D6A1-47D8-94B4-D5CBB7240544}.Release|Any CPU.Build.0 = Release|Any CPU
	EndGlobalSection
	GlobalSection(SolutionProperties) = preSolution
		HideSolutionNode = FALSE
	EndGlobalSection
	GlobalSection(ExtensibilityGlobals) = postSolution
		SolutionGuid = {4C2FDB27-8430-4702-BC1F-F04844051835}
	EndGlobalSection
EndGlobal
